
Microsoft Visual Studio Solution File, Format Version 12.00
# Visual Studio Version 16
VisualStudioVersion = 16.0.33529.622
MinimumVisualStudioVersion = 10.0.40219.1
Project("{FAE04EC0-301F-11D3-BF4B-00C04F79EFBC}") = "winForm_With_Apis", "winForm_With_Apis.csproj", "{66ED9A55-3723-4517-B7F2-BA8306093853}"
EndProject
Global
	GlobalSection(SolutionConfigurationPlatforms) = preSolution
		Debug|Any CPU = Debug|Any CPU
		Release|Any CPU = Release|Any CPU
	EndGlobalSection
	GlobalSection(ProjectConfigurationPlatforms) = postSolution
		{66ED9A55-3723-4517-B7F2-BA8306093853}.Debug|Any CPU.ActiveCfg = Debug|Any CPU
		{66ED9A55-3723-4517-B7F2-BA8306093853}.Debug|Any CPU.Build.0 = Debug|Any CPU
		{66ED9A55-3723-4517-B7F2-BA8306093853}.Release|Any CPU.ActiveCfg = Release|Any CPU
		{66ED9A55-3723-4517-B7F2-BA8306093853}.Release|Any CPU.Build.0 = Release|Any CPU
	EndGlobalSection
	GlobalSection(SolutionProperties) = preSolution
		HideSolutionNode = FALSE
	EndGlobalSection
	GlobalSection(ExtensibilityGlobals) = postSolution
		SolutionGuid = {156B88B7-8C81-479B-BC94-9C41D66CCC3E}
	EndGlobalSection
EndGlobal
